// !$*UTF8*$!
{
	archiveVersion = 1;
	classes = {
	};
	objectVersion = 46;
	objects = {

/* Begin PBXBuildFile section */
		623252E51D6B5A3E00328270 /* main.m in Sources */ = {isa = PBXBuildFile; fileRef = 623252E41D6B5A3E00328270 /* main.m */; };
		623252E81D6B5A3E00328270 /* AppDelegate.m in Sources */ = {isa = PBXBuildFile; fileRef = 623252E71D6B5A3E00328270 /* AppDelegate.m */; };
		623252EB1D6B5A3E00328270 /* ViewController.m in Sources */ = {isa = PBXBuildFile; fileRef = 623252EA1D6B5A3E00328270 /* ViewController.m */; };
		623252EE1D6B5A3F00328270 /* Main.storyboard in Resources */ = {isa = PBXBuildFile; fileRef = 623252EC1D6B5A3E00328270 /* Main.storyboard */; };
		623252F01D6B5A3F00328270 /* Assets.xcassets in Resources */ = {isa = PBXBuildFile; fileRef = 623252EF1D6B5A3F00328270 /* Assets.xcassets */; };
		623252F31D6B5A3F00328270 /* LaunchScreen.storyboard in Resources */ = {isa = PBXBuildFile; fileRef = 623252F11D6B5A3F00328270 /* LaunchScreen.storyboard */; };
		623252FE1D6B5A3F00328270 /* TagViewTests.m in Sources */ = {isa = PBXBuildFile; fileRef = 623252FD1D6B5A3F00328270 /* TagViewTests.m */; };
		623253091D6B5A3F00328270 /* TagViewUITests.m in Sources */ = {isa = PBXBuildFile; fileRef = 623253081D6B5A3F00328270 /* TagViewUITests.m */; };
		623253181D6B5A5E00328270 /* NewLineButtonView.m in Sources */ = {isa = PBXBuildFile; fileRef = 623253171D6B5A5E00328270 /* NewLineButtonView.m */; };
/* End PBXBuildFile section */

/* Begin PBXContainerItemProxy section */
		623252FA1D6B5A3F00328270 /* PBXContainerItemProxy */ = {
			isa = PBXContainerItemProxy;
			containerPortal = 623252D81D6B5A3E00328270 /* Project object */;
			proxyType = 1;
			remoteGlobalIDString = 623252DF1D6B5A3E00328270;
			remoteInfo = TagView;
		};
		623253051D6B5A3F00328270 /* PBXContainerItemProxy */ = {
			isa = PBXContainerItemProxy;
			containerPortal = 623252D81D6B5A3E00328270 /* Project object */;
			proxyType = 1;
			remoteGlobalIDString = 623252DF1D6B5A3E00328270;
			remoteInfo = TagView;
		};
/* End PBXContainerItemProxy section */

/* Begin PBXFileReference section */
		623252E01D6B5A3E00328270 /* TagView.app */ = {isa = PBXFileReference; explicitFileType = wrapper.application; includeInIndex = 0; path = TagView.app; sourceTree = BUILT_PRODUCTS_DIR; };
		623252E41D6B5A3E00328270 /* main.m */ = {isa = PBXFileReference; lastKnownFileType = sourcecode.c.objc; path = main.m; sourceTree = "<group>"; };
		623252E61D6B5A3E00328270 /* AppDelegate.h */ = {isa = PBXFileReference; lastKnownFileType = sourcecode.c.h; path = AppDelegate.h; sourceTree = "<group>"; };
		623252E71D6B5A3E00328270 /* AppDelegate.m */ = {isa = PBXFileReference; lastKnownFileType = sourcecode.c.objc; path = AppDelegate.m; sourceTree = "<group>"; };
		623252E91D6B5A3E00328270 /* ViewController.h */ = {isa = PBXFileReference; lastKnownFileType = sourcecode.c.h; path = ViewController.h; sourceTree = "<group>"; };
		623252EA1D6B5A3E00328270 /* ViewController.m */ = {isa = PBXFileReference; lastKnownFileType = sourcecode.c.objc; path = ViewController.m; sourceTree = "<group>"; };
		623252ED1D6B5A3F00328270 /* Base */ = {isa = PBXFileReference; lastKnownFileType = file.storyboard; name = Base; path = Base.lproj/Main.storyboard; sourceTree = "<group>"; };
		623252EF1D6B5A3F00328270 /* Assets.xcassets */ = {isa = PBXFileReference; lastKnownFileType = folder.assetcatalog; path = Assets.xcassets; sourceTree = "<group>"; };
		623252F21D6B5A3F00328270 /* Base */ = {isa = PBXFileReference; lastKnownFileType = file.storyboard; name = Base; path = Base.lproj/LaunchScreen.storyboard; sourceTree = "<group>"; };
		623252F41D6B5A3F00328270 /* Info.plist */ = {isa = PBXFileReference; lastKnownFileType = text.plist.xml; path = Info.plist; sourceTree = "<group>"; };
		623252F91D6B5A3F00328270 /* TagViewTests.xctest */ = {isa = PBXFileReference; explicitFileType = wrapper.cfbundle; includeInIndex = 0; path = TagViewTests.xctest; sourceTree = BUILT_PRODUCTS_DIR; };
		623252FD1D6B5A3F00328270 /* TagViewTests.m */ = {isa = PBXFileReference; lastKnownFileType = sourcecode.c.objc; path = TagViewTests.m; sourceTree = "<group>"; };
		623252FF1D6B5A3F00328270 /* Info.plist */ = {isa = PBXFileReference; lastKnownFileType = text.plist.xml; path = Info.plist; sourceTree = "<group>"; };
		623253041D6B5A3F00328270 /* TagViewUITests.xctest */ = {isa = PBXFileReference; explicitFileType = wrapper.cfbundle; includeInIndex = 0; path = TagViewUITests.xctest; sourceTree = BUILT_PRODUCTS_DIR; };
		623253081D6B5A3F00328270 /* TagViewUITests.m */ = {isa = PBXFileReference; lastKnownFileType = sourcecode.c.objc; path = TagViewUITests.m; sourceTree = "<group>"; };
		6232530A1D6B5A3F00328270 /* Info.plist */ = {isa = PBXFileReference; lastKnownFileType = text.plist.xml; path = Info.plist; sourceTree = "<group>"; };
		623253161D6B5A5E00328270 /* NewLineButtonView.h */ = {isa = PBXFileReference; fileEncoding = 4; lastKnownFileType = sourcecode.c.h; path = NewLineButtonView.h; sourceTree = "<group>"; };
		623253171D6B5A5E00328270 /* NewLineButtonView.m */ = {isa = PBXFileReference; fileEncoding = 4; lastKnownFileType = sourcecode.c.objc; path = NewLineButtonView.m; sourceTree = "<group>"; };
/* End PBXFileReference section */

/* Begin PBXFrameworksBuildPhase section */
		623252DD1D6B5A3E00328270 /* Frameworks */ = {
			isa = PBXFrameworksBuildPhase;
			buildActionMask = 2147483647;
			files = (
			);
			runOnlyForDeploymentPostprocessing = 0;
		};
		623252F61D6B5A3F00328270 /* Frameworks */ = {
			isa = PBXFrameworksBuildPhase;
			buildActionMask = 2147483647;
			files = (
			);
			runOnlyForDeploymentPostprocessing = 0;
		};
		623253011D6B5A3F00328270 /* Frameworks */ = {
			isa = PBXFrameworksBuildPhase;
			buildActionMask = 2147483647;
			files = (
			);
			runOnlyForDeploymentPostprocessing = 0;
		};
/* End PBXFrameworksBuildPhase section */

/* Begin PBXGroup section */
		623252D71D6B5A3E00328270 = {
			isa = PBXGroup;
			children = (
				623252E21D6B5A3E00328270 /* TagView */,
				623252FC1D6B5A3F00328270 /* TagViewTests */,
				623253071D6B5A3F00328270 /* TagViewUITests */,
				623252E11D6B5A3E00328270 /* Products */,
			);
			sourceTree = "<group>";
		};
		623252E11D6B5A3E00328270 /* Products */ = {
			isa = PBXGroup;
			children = (
				623252E01D6B5A3E00328270 /* TagView.app */,
				623252F91D6B5A3F00328270 /* TagViewTests.xctest */,
				623253041D6B5A3F00328270 /* TagViewUITests.xctest */,
			);
			name = Products;
			sourceTree = "<group>";
		};
		623252E21D6B5A3E00328270 /* TagView */ = {
			isa = PBXGroup;
			children = (
				623252E61D6B5A3E00328270 /* AppDelegate.h */,
				623252E71D6B5A3E00328270 /* AppDelegate.m */,
				623252E91D6B5A3E00328270 /* ViewController.h */,
				623252EA1D6B5A3E00328270 /* ViewController.m */,
				623253161D6B5A5E00328270 /* NewLineButtonView.h */,
				623253171D6B5A5E00328270 /* NewLineButtonView.m */,
				623252EC1D6B5A3E00328270 /* Main.storyboard */,
				623252EF1D6B5A3F00328270 /* Assets.xcassets */,
				623252F11D6B5A3F00328270 /* LaunchScreen.storyboard */,
				623252F41D6B5A3F00328270 /* Info.plist */,
				623252E31D6B5A3E00328270 /* Supporting Files */,
			);
			path = TagView;
			sourceTree = "<group>";
		};
		623252E31D6B5A3E00328270 /* Supporting Files */ = {
			isa = PBXGroup;
			children = (
				623252E41D6B5A3E00328270 /* main.m */,
			);
			name = "Supporting Files";
			sourceTree = "<group>";
		};
		623252FC1D6B5A3F00328270 /* TagViewTests */ = {
			isa = PBXGroup;
			children = (
				623252FD1D6B5A3F00328270 /* TagViewTests.m */,
				623252FF1D6B5A3F00328270 /* Info.plist */,
			);
			path = TagViewTests;
			sourceTree = "<group>";
		};
		623253071D6B5A3F00328270 /* TagViewUITests */ = {
			isa = PBXGroup;
			children = (
				623253081D6B5A3F00328270 /* TagViewUITests.m */,
				6232530A1D6B5A3F00328270 /* Info.plist */,
			);
			path = TagViewUITests;
			sourceTree = "<group>";
		};
/* End PBXGroup section */

/* Begin PBXNativeTarget section */
		623252DF1D6B5A3E00328270 /* TagView */ = {
			isa = PBXNativeTarget;
			buildConfigurationList = 6232530D1D6B5A3F00328270 /* Build configuration list for PBXNativeTarget "TagView" */;
			buildPhases = (
				623252DC1D6B5A3E00328270 /* Sources */,
				623252DD1D6B5A3E00328270 /* Frameworks */,
				623252DE1D6B5A3E00328270 /* Resources */,
			);
			buildRules = (
			);
			dependencies = (
			);
			name = TagView;
			productName = TagView;
			productReference = 623252E01D6B5A3E00328270 /* TagView.app */;
			productType = "com.apple.product-type.application";
		};
		623252F81D6B5A3F00328270 /* TagViewTests */ = {
			isa = PBXNativeTarget;
			buildConfigurationList = 623253101D6B5A3F00328270 /* Build configuration list for PBXNativeTarget "TagViewTests" */;
			buildPhases = (
				623252F51D6B5A3F00328270 /* Sources */,
				623252F61D6B5A3F00328270 /* Frameworks */,
				623252F71D6B5A3F00328270 /* Resources */,
			);
			buildRules = (
			);
			dependencies = (
				623252FB1D6B5A3F00328270 /* PBXTargetDependency */,
			);
			name = TagViewTests;
			productName = TagViewTests;
			productReference = 623252F91D6B5A3F00328270 /* TagViewTests.xctest */;
			productType = "com.apple.product-type.bundle.unit-test";
		};
		623253031D6B5A3F00328270 /* TagViewUITests */ = {
			isa = PBXNativeTarget;
			buildConfigurationList = 623253131D6B5A3F00328270 /* Build configuration list for PBXNativeTarget "TagViewUITests" */;
			buildPhases = (
				623253001D6B5A3F00328270 /* Sources */,
				623253011D6B5A3F00328270 /* Frameworks */,
				623253021D6B5A3F00328270 /* Resources */,
			);
			buildRules = (
			);
			dependencies = (
				623253061D6B5A3F00328270 /* PBXTargetDependency */,
			);
			name = TagViewUITests;
			productName = TagViewUITests;
			productReference = 623253041D6B5A3F00328270 /* TagViewUITests.xctest */;
			productType = "com.apple.product-type.bundle.ui-testing";
		};
/* End PBXNativeTarget section */

/* Begin PBXProject section */
		623252D81D6B5A3E00328270 /* Project object */ = {
			isa = PBXProject;
			attributes = {
				LastUpgradeCheck = 0720;
				ORGANIZATIONNAME = "卞西西";
				TargetAttributes = {
					623252DF1D6B5A3E00328270 = {
						CreatedOnToolsVersion = 7.2.1;
					};
					623252F81D6B5A3F00328270 = {
						CreatedOnToolsVersion = 7.2.1;
						TestTargetID = 623252DF1D6B5A3E00328270;
					};
					623253031D6B5A3F00328270 = {
						CreatedOnToolsVersion = 7.2.1;
						TestTargetID = 623252DF1D6B5A3E00328270;
					};
				};
			};
			buildConfigurationList = 623252DB1D6B5A3E00328270 /* Build configuration list for PBXProject "TagView" */;
			compatibilityVersion = "Xcode 3.2";
			developmentRegion = English;
			hasScannedForEncodings = 0;
			knownRegions = (
				en,
				Base,
			);
			mainGroup = 623252D71D6B5A3E00328270;
			productRefGroup = 623252E11D6B5A3E00328270 /* Products */;
			projectDirPath = "";
			projectRoot = "";
			targets = (
				623252DF1D6B5A3E00328270 /* TagView */,
				623252F81D6B5A3F00328270 /* TagViewTests */,
				623253031D6B5A3F00328270 /* TagViewUITests */,
			);
		};
/* End PBXProject section */

/* Begin PBXResourcesBuildPhase section */
		623252DE1D6B5A3E00328270 /* Resources */ = {
			isa = PBXResourcesBuildPhase;
			buildActionMask = 2147483647;
			files = (
				623252F31D6B5A3F00328270 /* LaunchScreen.storyboard in Resources */,
				623252F01D6B5A3F00328270 /* Assets.xcassets in Resources */,
				623252EE1D6B5A3F00328270 /* Main.storyboard in Resources */,
			);
			runOnlyForDeploymentPostprocessing = 0;
		};
		623252F71D6B5A3F00328270 /* Resources */ = {
			isa = PBXResourcesBuildPhase;
			buildActionMask = 2147483647;
			files = (
			);
			runOnlyForDeploymentPostprocessing = 0;
		};
		623253021D6B5A3F00328270 /* Resources */ = {
			isa = PBXResourcesBuildPhase;
			buildActionMask = 2147483647;
			files = (
			);
			runOnlyForDeploymentPostprocessing = 0;
		};
/* End PBXResourcesBuildPhase section */

/* Begin PBXSourcesBuildPhase section */
		623252DC1D6B5A3E00328270 /* Sources */ = {
			isa = PBXSourcesBuildPhase;
			buildActionMask = 2147483647;
			files = (
				623252EB1D6B5A3E00328270 /* ViewController.m in Sources */,
				623252E81D6B5A3E00328270 /* AppDelegate.m in Sources */,
				623252E51D6B5A3E00328270 /* main.m in Sources */,
				623253181D6B5A5E00328270 /* NewLineButtonView.m in Sources */,
			);
			runOnlyForDeploymentPostprocessing = 0;
		};
		623252F51D6B5A3F00328270 /* Sources */ = {
			isa = PBXSourcesBuildPhase;
			buildActionMask = 2147483647;
			files = (
				623252FE1D6B5A3F00328270 /* TagViewTests.m in Sources */,
			);
			runOnlyForDeploymentPostprocessing = 0;
		};
		623253001D6B5A3F00328270 /* Sources */ = {
			isa = PBXSourcesBuildPhase;
			buildActionMask = 2147483647;
			files = (
				623253091D6B5A3F00328270 /* TagViewUITests.m in Sources */,
			);
			runOnlyForDeploymentPostprocessing = 0;
		};
/* End PBXSourcesBuildPhase section */

/* Begin PBXTargetDependency section */
		623252FB1D6B5A3F00328270 /* PBXTargetDependency */ = {
			isa = PBXTargetDependency;
			target = 623252DF1D6B5A3E00328270 /* TagView */;
			targetProxy = 623252FA1D6B5A3F00328270 /* PBXContainerItemProxy */;
		};
		623253061D6B5A3F00328270 /* PBXTargetDependency */ = {
			isa = PBXTargetDependency;
			target = 623252DF1D6B5A3E00328270 /* TagView */;
			targetProxy = 623253051D6B5A3F00328270 /* PBXContainerItemProxy */;
		};
/* End PBXTargetDependency section */

/* Begin PBXVariantGroup section */
		623252EC1D6B5A3E00328270 /* Main.storyboard */ = {
			isa = PBXVariantGroup;
			children = (
				623252ED1D6B5A3F00328270 /* Base */,
			);
			name = Main.storyboard;
			sourceTree = "<group>";
		};
		623252F11D6B5A3F00328270 /* LaunchScreen.storyboard */ = {
			isa = PBXVariantGroup;
			children = (
				623252F21D6B5A3F00328270 /* Base */,
			);
			name = LaunchScreen.storyboard;
			sourceTree = "<group>";
		};
/* End PBXVariantGroup section */

/* Begin XCBuildConfiguration section */
		6232530B1D6B5A3F00328270 /* Debug */ = {
			isa = XCBuildConfiguration;
			buildSettings = {
				ALWAYS_SEARCH_USER_PATHS = NO;
				CLANG_CXX_LANGUAGE_STANDARD = "gnu++0x";
				CLANG_CXX_LIBRARY = "libc++";
				CLANG_ENABLE_MODULES = YES;
				CLANG_ENABLE_OBJC_ARC = YES;
				CLANG_WARN_BOOL_CONVERSION = YES;
				CLANG_WARN_CONSTANT_CONVERSION = YES;
				CLANG_WARN_DIRECT_OBJC_ISA_USAGE = YES_ERROR;
				CLANG_WARN_EMPTY_BODY = YES;
				CLANG_WARN_ENUM_CONVERSION = YES;
				CLANG_WARN_INT_CONVERSION = YES;
				CLANG_WARN_OBJC_ROOT_CLASS = YES_ERROR;
				CLANG_WARN_UNREACHABLE_CODE = YES;
				CLANG_WARN__DUPLICATE_METHOD_MATCH = YES;
				"CODE_SIGN_IDENTITY[sdk=iphoneos*]" = "iPhone Developer";
				COPY_PHASE_STRIP = NO;
				DEBUG_INFORMATION_FORMAT = dwarf;
				ENABLE_STRICT_OBJC_MSGSEND = YES;
				ENABLE_TESTABILITY = YES;
				GCC_C_LANGUAGE_STANDARD = gnu99;
				GCC_DYNAMIC_NO_PIC = NO;
				GCC_NO_COMMON_BLOCKS = YES;
				GCC_OPTIMIZATION_LEVEL = 0;
				GCC_PREPROCESSOR_DEFINITIONS = (
					"DEBUG=1",
					"$(inherited)",
				);
				GCC_WARN_64_TO_32_BIT_CONVERSION = YES;
				GCC_WARN_ABOUT_RETURN_TYPE = YES_ERROR;
				GCC_WARN_UNDECLARED_SELECTOR = YES;
				GCC_WARN_UNINITIALIZED_AUTOS = YES_AGGRESSIVE;
				GCC_WARN_UNUSED_FUNCTION = YES;
				GCC_WARN_UNUSED_VARIABLE = YES;
				IPHONEOS_DEPLOYMENT_TARGET = 9.2;
				MTL_ENABLE_DEBUG_INFO = YES;
				ONLY_ACTIVE_ARCH = YES;
				SDKROOT = iphoneos;
				TARGETED_DEVICE_FAMILY = "1,2";
			};
			name = Debug;
		};
		6232530C1D6B5A3F00328270 /* Release */ = {
			isa = XCBuildConfiguration;
			buildSettings = {
				ALWAYS_SEARCH_USER_PATHS = NO;
				CLANG_CXX_LANGUAGE_STANDARD = "gnu++0x";
				CLANG_CXX_LIBRARY = "libc++";
				CLANG_ENABLE_MODULES = YES;
				CLANG_ENABLE_OBJC_ARC = YES;
				CLANG_WARN_BOOL_CONVERSION = YES;
				CLANG_WARN_CONSTANT_CONVERSION = YES;
				CLANG_WARN_DIRECT_OBJC_ISA_USAGE = YES_ERROR;
				CLANG_WARN_EMPTY_BODY = YES;
				CLANG_WARN_ENUM_CONVERSION = YES;
				CLANG_WARN_INT_CONVERSION = YES;
				CLANG_WARN_OBJC_ROOT_CLASS = YES_ERROR;
				CLANG_WARN_UNREACHABLE_CODE = YES;
				CLANG_WARN__DUPLICATE_METHOD_MATCH = YES;
				"CODE_SIGN_IDENTITY[sdk=iphoneos*]" = "iPhone Developer";
				COPY_PHASE_STRIP = NO;
				DEBUG_INFORMATION_FORMAT = "dwarf-with-dsym";
				ENABLE_NS_ASSERTIONS = NO;
				ENABLE_STRICT_OBJC_MSGSEND = YES;
				GCC_C_LANGUAGE_STANDARD = gnu99;
				GCC_NO_COMMON_BLOCKS = YES;
				GCC_WARN_64_TO_32_BIT_CONVERSION = YES;
				GCC_WARN_ABOUT_RETURN_TYPE = YES_ERROR;
				GCC_WARN_UNDECLARED_SELECTOR = YES;
				GCC_WARN_UNINITIALIZED_AUTOS = YES_AGGRESSIVE;
				GCC_WARN_UNUSED_FUNCTION = YES;
				GCC_WARN_UNUSED_VARIABLE = YES;
				IPHONEOS_DEPLOYMENT_TARGET = 9.2;
				MTL_ENABLE_DEBUG_INFO = NO;
				SDKROOT = iphoneos;
				TARGETED_DEVICE_FAMILY = "1,2";
				VALIDATE_PRODUCT = YES;
			};
			name = Release;
		};
		6232530E1D6B5A3F00328270 /* Debug */ = {
			isa = XCBuildConfiguration;
			buildSettings = {
				ASSETCATALOG_COMPILER_APPICON_NAME = AppIcon;
				DEVELOPMENT_TEAM = "";
				INFOPLIST_FILE = TagView/Info.plist;
				LD_RUNPATH_SEARCH_PATHS = "$(inherited) @executable_path/Frameworks";
				PRODUCT_BUNDLE_IDENTIFIER = bxx.TagView;
				PRODUCT_NAME = "$(TARGET_NAME)";
			};
			name = Debug;
		};
		6232530F1D6B5A3F00328270 /* Release */ = {
			isa = XCBuildConfiguration;
			buildSettings = {
				ASSETCATALOG_COMPILER_APPICON_NAME = AppIcon;
				DEVELOPMENT_TEAM = "";
				INFOPLIST_FILE = TagView/Info.plist;
				LD_RUNPATH_SEARCH_PATHS = "$(inherited) @executable_path/Frameworks";
				PRODUCT_BUNDLE_IDENTIFIER = bxx.TagView;
				PRODUCT_NAME = "$(TARGET_NAME)";
			};
			name = Release;
		};
		623253111D6B5A3F00328270 /* Debug */ = {
			isa = XCBuildConfiguration;
			buildSettings = {
				BUNDLE_LOADER = "$(TEST_HOST)";
				INFOPLIST_FILE = TagViewTests/Info.plist;
				LD_RUNPATH_SEARCH_PATHS = "$(inherited) @executable_path/Frameworks @loader_path/Frameworks";
				PRODUCT_BUNDLE_IDENTIFIER = bxx.TagViewTests;
				PRODUCT_NAME = "$(TARGET_NAME)";
				TEST_HOST = "$(BUILT_PRODUCTS_DIR)/TagView.app/TagView";
			};
			name = Debug;
		};
		623253121D6B5A3F00328270 /* Release */ = {
			isa = XCBuildConfiguration;
			buildSettings = {
				BUNDLE_LOADER = "$(TEST_HOST)";
				INFOPLIST_FILE = TagViewTests/Info.plist;
				LD_RUNPATH_SEARCH_PATHS = "$(inherited) @executable_path/Frameworks @loader_path/Frameworks";
				PRODUCT_BUNDLE_IDENTIFIER = bxx.TagViewTests;
				PRODUCT_NAME = "$(TARGET_NAME)";
				TEST_HOST = "$(BUILT_PRODUCTS_DIR)/TagView.app/TagView";
			};
			name = Release;
		};
		623253141D6B5A3F00328270 /* Debug */ = {
			isa = XCBuildConfiguration;
			buildSettings = {
				INFOPLIST_FILE = TagViewUITests/Info.plist;
				LD_RUNPATH_SEARCH_PATHS = "$(inherited) @executable_path/Frameworks @loader_path/Frameworks";
				PRODUCT_BUNDLE_IDENTIFIER = bxx.TagViewUITests;
				PRODUCT_NAME = "$(TARGET_NAME)";
				TEST_TARGET_NAME = TagView;
				USES_XCTRUNNER = YES;
			};
			name = Debug;
		};
		623253151D6B5A3F00328270 /* Release */ = {
			isa = XCBuildConfiguration;
			buildSettings = {
				INFOPLIST_FILE = TagViewUITests/Info.plist;
				LD_RUNPATH_SEARCH_PATHS = "$(inherited) @executable_path/Frameworks @loader_path/Frameworks";
				PRODUCT_BUNDLE_IDENTIFIER = bxx.TagViewUITests;
				PRODUCT_NAME = "$(TARGET_NAME)";
				TEST_TARGET_NAME = TagView;
				USES_XCTRUNNER = YES;
			};
			name = Release;
		};
/* End XCBuildConfiguration section */

/* Begin XCConfigurationList section */
		623252DB1D6B5A3E00328270 /* Build configuration list for PBXProject "TagView" */ = {
			isa = XCConfigurationList;
			buildConfigurations = (
				6232530B1D6B5A3F00328270 /* Debug */,
				6232530C1D6B5A3F00328270 /* Release */,
			);
			defaultConfigurationIsVisible = 0;
			defaultConfigurationName = Release;
		};
		6232530D1D6B5A3F00328270 /* Build configuration list for PBXNativeTarget "TagView" */ = {
			isa = XCConfigurationList;
			buildConfigurations = (
				6232530E1D6B5A3F00328270 /* Debug */,
				6232530F1D6B5A3F00328270 /* Release */,
			);
			defaultConfigurationIsVisible = 0;
			defaultConfigurationName = Release;
		};
		623253101D6B5A3F00328270 /* Build configuration list for PBXNativeTarget "TagViewTests" */ = {
			isa = XCConfigurationList;
			buildConfigurations = (
				623253111D6B5A3F00328270 /* Debug */,
				623253121D6B5A3F00328270 /* Release */,
			);
			defaultConfigurationIsVisible = 0;
			defaultConfigurationName = Release;
		};
		623253131D6B5A3F00328270 /* Build configuration list for PBXNativeTarget "TagViewUITests" */ = {
			isa = XCConfigurationList;
			buildConfigurations = (
				623253141D6B5A3F00328270 /* Debug */,
				623253151D6B5A3F00328270 /* Release */,
			);
			defaultConfigurationIsVisible = 0;
			defaultConfigurationName = Release;
		};
/* End XCConfigurationList section */
	};
	rootObject = 623252D81D6B5A3E00328270 /* Project object */;
}
